
Microsoft Visual Studio Solution File, Format Version 12.00
# Visual Studio Version 16
VisualStudioVersion = 16.0.30523.141
MinimumVisualStudioVersion = 10.0.40219.1
Project("{FAE04EC0-301F-11D3-BF4B-00C04F79EFBC}") = "Savanna", "Savanna\Savanna.csproj", "{4D329F42-DB1C-4609-B93A-873BA8F8D5A6}"
EndProject
Global
	GlobalSection(SolutionConfigurationPlatforms) = preSolution
		Debug|Any CPU = Debug|Any CPU
		Release|Any CPU = Release|Any CPU
	EndGlobalSection
	GlobalSection(ProjectConfigurationPlatforms) = postSolution
		{4D329F42-DB1C-4609-B93A-873BA8F8D5A6}.Debug|Any CPU.ActiveCfg = Debug|Any CPU
		{4D329F42-DB1C-4609-B93A-873BA8F8D5A6}.Debug|Any CPU.Build.0 = Debug|Any CPU
		{4D329F42-DB1C-4609-B93A-873BA8F8D5A6}.Release|Any CPU.ActiveCfg = Release|Any CPU
		{4D329F42-DB1C-4609-B93A-873BA8F8D5A6}.Release|Any CPU.Build.0 = Release|Any CPU
	EndGlobalSection
	GlobalSection(SolutionProperties) = preSolution
		HideSolutionNode = FALSE
	EndGlobalSection
	GlobalSection(ExtensibilityGlobals) = postSolution
		SolutionGuid = {489E8931-B4FD-4543-874B-6E9D41755B10}
	EndGlobalSection
EndGlobal
